// !$*UTF8*$!
{
	archiveVersion = 1;
	classes = {
	};
	objectVersion = 48;
	objects = {

/* Begin PBXBuildFile section */
		7883818E204746370073ED86 /* AppDelegate.swift in Sources */ = {isa = PBXBuildFile; fileRef = 7883818D204746370073ED86 /* AppDelegate.swift */; };
		78838190204746370073ED86 /* ViewController.swift in Sources */ = {isa = PBXBuildFile; fileRef = 7883818F204746370073ED86 /* ViewController.swift */; };
		78838193204746370073ED86 /* Main.storyboard in Resources */ = {isa = PBXBuildFile; fileRef = 78838191204746370073ED86 /* Main.storyboard */; };
		78838195204746370073ED86 /* Assets.xcassets in Resources */ = {isa = PBXBuildFile; fileRef = 78838194204746370073ED86 /* Assets.xcassets */; };
		78838198204746370073ED86 /* LaunchScreen.storyboard in Resources */ = {isa = PBXBuildFile; fileRef = 78838196204746370073ED86 /* LaunchScreen.storyboard */; };
		788381A1204A0ECE0073ED86 /* Concentration.swift in Sources */ = {isa = PBXBuildFile; fileRef = 788381A0204A0ECE0073ED86 /* Concentration.swift */; };
		788381A3204A10B50073ED86 /* Card.swift in Sources */ = {isa = PBXBuildFile; fileRef = 788381A2204A10B50073ED86 /* Card.swift */; };
/* End PBXBuildFile section */

/* Begin PBXFileReference section */
		7883818A204746370073ED86 /* Concentration.app */ = {isa = PBXFileReference; explicitFileType = wrapper.application; includeInIndex = 0; path = Concentration.app; sourceTree = BUILT_PRODUCTS_DIR; };
		7883818D204746370073ED86 /* AppDelegate.swift */ = {isa = PBXFileReference; lastKnownFileType = sourcecode.swift; path = AppDelegate.swift; sourceTree = "<group>"; };
		7883818F204746370073ED86 /* ViewController.swift */ = {isa = PBXFileReference; lastKnownFileType = sourcecode.swift; path = ViewController.swift; sourceTree = "<group>"; };
		78838192204746370073ED86 /* Base */ = {isa = PBXFileReference; lastKnownFileType = file.storyboard; name = Base; path = Base.lproj/Main.storyboard; sourceTree = "<group>"; };
		78838194204746370073ED86 /* Assets.xcassets */ = {isa = PBXFileReference; lastKnownFileType = folder.assetcatalog; path = Assets.xcassets; sourceTree = "<group>"; };
		78838197204746370073ED86 /* Base */ = {isa = PBXFileReference; lastKnownFileType = file.storyboard; name = Base; path = Base.lproj/LaunchScreen.storyboard; sourceTree = "<group>"; };
		78838199204746370073ED86 /* Info.plist */ = {isa = PBXFileReference; lastKnownFileType = text.plist.xml; path = Info.plist; sourceTree = "<group>"; };
		788381A0204A0ECE0073ED86 /* Concentration.swift */ = {isa = PBXFileReference; lastKnownFileType = sourcecode.swift; path = Concentration.swift; sourceTree = "<group>"; };
		788381A2204A10B50073ED86 /* Card.swift */ = {isa = PBXFileReference; lastKnownFileType = sourcecode.swift; path = Card.swift; sourceTree = "<group>"; };
/* End PBXFileReference section */

/* Begin PBXFrameworksBuildPhase section */
		78838187204746370073ED86 /* Frameworks */ = {
			isa = PBXFrameworksBuildPhase;
			buildActionMask = 2147483647;
			files = (
			);
			runOnlyForDeploymentPostprocessing = 0;
		};
/* End PBXFrameworksBuildPhase section */

/* Begin PBXGroup section */
		78838181204746370073ED86 = {
			isa = PBXGroup;
			children = (
				7883818C204746370073ED86 /* Concentration */,
				7883818B204746370073ED86 /* Products */,
			);
			sourceTree = "<group>";
		};
		7883818B204746370073ED86 /* Products */ = {
			isa = PBXGroup;
			children = (
				7883818A204746370073ED86 /* Concentration.app */,
			);
			name = Products;
			sourceTree = "<group>";
		};
		7883818C204746370073ED86 /* Concentration */ = {
			isa = PBXGroup;
			children = (
				788381A0204A0ECE0073ED86 /* Concentration.swift */,
				788381A2204A10B50073ED86 /* Card.swift */,
				7883819F20474A8E0073ED86 /* Supporting Files */,
				7883818F204746370073ED86 /* ViewController.swift */,
				78838191204746370073ED86 /* Main.storyboard */,
				78838199204746370073ED86 /* Info.plist */,
			);
			path = Concentration;
			sourceTree = "<group>";
		};
		7883819F20474A8E0073ED86 /* Supporting Files */ = {
			isa = PBXGroup;
			children = (
				7883818D204746370073ED86 /* AppDelegate.swift */,
				78838194204746370073ED86 /* Assets.xcassets */,
				78838196204746370073ED86 /* LaunchScreen.storyboard */,
			);
			path = "Supporting Files";
			sourceTree = "<group>";
		};
/* End PBXGroup section */

/* Begin PBXNativeTarget section */
		78838189204746370073ED86 /* Concentration */ = {
			isa = PBXNativeTarget;
			buildConfigurationList = 7883819C204746370073ED86 /* Build configuration list for PBXNativeTarget "Concentration" */;
			buildPhases = (
				78838186204746370073ED86 /* Sources */,
				78838187204746370073ED86 /* Frameworks */,
				78838188204746370073ED86 /* Resources */,
			);
			buildRules = (
			);
			dependencies = (
			);
			name = Concentration;
			productName = Concentration;
			productReference = 7883818A204746370073ED86 /* Concentration.app */;
			productType = "com.apple.product-type.application";
		};
/* End PBXNativeTarget section */

/* Begin PBXProject section */
		78838182204746370073ED86 /* Project object */ = {
			isa = PBXProject;
			attributes = {
				LastSwiftUpdateCheck = 0920;
				LastUpgradeCheck = 0920;
				ORGANIZATIONNAME = "Mike Ngo";
				TargetAttributes = {
					78838189204746370073ED86 = {
						CreatedOnToolsVersion = 9.2;
						ProvisioningStyle = Automatic;
					};
				};
			};
			buildConfigurationList = 78838185204746370073ED86 /* Build configuration list for PBXProject "Concentration" */;
			compatibilityVersion = "Xcode 8.0";
			developmentRegion = en;
			hasScannedForEncodings = 0;
			knownRegions = (
				en,
				Base,
			);
			mainGroup = 78838181204746370073ED86;
			productRefGroup = 7883818B204746370073ED86 /* Products */;
			projectDirPath = "";
			projectRoot = "";
			targets = (
				78838189204746370073ED86 /* Concentration */,
			);
		};
/* End PBXProject section */

/* Begin PBXResourcesBuildPhase section */
		78838188204746370073ED86 /* Resources */ = {
			isa = PBXResourcesBuildPhase;
			buildActionMask = 2147483647;
			files = (
				78838198204746370073ED86 /* LaunchScreen.storyboard in Resources */,
				78838195204746370073ED86 /* Assets.xcassets in Resources */,
				78838193204746370073ED86 /* Main.storyboard in Resources */,
			);
			runOnlyForDeploymentPostprocessing = 0;
		};
/* End PBXResourcesBuildPhase section */

/* Begin PBXSourcesBuildPhase section */
		78838186204746370073ED86 /* Sources */ = {
			isa = PBXSourcesBuildPhase;
			buildActionMask = 2147483647;
			files = (
				78838190204746370073ED86 /* ViewController.swift in Sources */,
				7883818E204746370073ED86 /* AppDelegate.swift in Sources */,
				788381A1204A0ECE0073ED86 /* Concentration.swift in Sources */,
				788381A3204A10B50073ED86 /* Card.swift in Sources */,
			);
			runOnlyForDeploymentPostprocessing = 0;
		};
/* End PBXSourcesBuildPhase section */

/* Begin PBXVariantGroup section */
		78838191204746370073ED86 /* Main.storyboard */ = {
			isa = PBXVariantGroup;
			children = (
				78838192204746370073ED86 /* Base */,
			);
			name = Main.storyboard;
			sourceTree = "<group>";
		};
		78838196204746370073ED86 /* LaunchScreen.storyboard */ = {
			isa = PBXVariantGroup;
			children = (
				78838197204746370073ED86 /* Base */,
			);
			name = LaunchScreen.storyboard;
			sourceTree = "<group>";
		};
/* End PBXVariantGroup section */

/* Begin XCBuildConfiguration section */
		7883819A204746370073ED86 /* Debug */ = {
			isa = XCBuildConfiguration;
			buildSettings = {
				ALWAYS_SEARCH_USER_PATHS = NO;
				CLANG_ANALYZER_NONNULL = YES;
				CLANG_ANALYZER_NUMBER_OBJECT_CONVERSION = YES_AGGRESSIVE;
				CLANG_CXX_LANGUAGE_STANDARD = "gnu++14";
				CLANG_CXX_LIBRARY = "libc++";
				CLANG_ENABLE_MODULES = YES;
				CLANG_ENABLE_OBJC_ARC = YES;
				CLANG_WARN_BLOCK_CAPTURE_AUTORELEASING = YES;
				CLANG_WARN_BOOL_CONVERSION = YES;
				CLANG_WARN_COMMA = YES;
				CLANG_WARN_CONSTANT_CONVERSION = YES;
				CLANG_WARN_DIRECT_OBJC_ISA_USAGE = YES_ERROR;
				CLANG_WARN_DOCUMENTATION_COMMENTS = YES;
				CLANG_WARN_EMPTY_BODY = YES;
				CLANG_WARN_ENUM_CONVERSION = YES;
				CLANG_WARN_INFINITE_RECURSION = YES;
				CLANG_WARN_INT_CONVERSION = YES;
				CLANG_WARN_NON_LITERAL_NULL_CONVERSION = YES;
				CLANG_WARN_OBJC_LITERAL_CONVERSION = YES;
				CLANG_WARN_OBJC_ROOT_CLASS = YES_ERROR;
				CLANG_WARN_RANGE_LOOP_ANALYSIS = YES;
				CLANG_WARN_STRICT_PROTOTYPES = YES;
				CLANG_WARN_SUSPICIOUS_MOVE = YES;
				CLANG_WARN_UNGUARDED_AVAILABILITY = YES_AGGRESSIVE;
				CLANG_WARN_UNREACHABLE_CODE = YES;
				CLANG_WARN__DUPLICATE_METHOD_MATCH = YES;
				CODE_SIGN_IDENTITY = "iPhone Developer";
				COPY_PHASE_STRIP = NO;
				DEBUG_INFORMATION_FORMAT = dwarf;
				ENABLE_STRICT_OBJC_MSGSEND = YES;
				ENABLE_TESTABILITY = YES;
				GCC_C_LANGUAGE_STANDARD = gnu11;
				GCC_DYNAMIC_NO_PIC = NO;
				GCC_NO_COMMON_BLOCKS = YES;
				GCC_OPTIMIZATION_LEVEL = 0;
				GCC_PREPROCESSOR_DEFINITIONS = (
					"DEBUG=1",
					"$(inherited)",
				);
				GCC_WARN_64_TO_32_BIT_CONVERSION = YES;
				GCC_WARN_ABOUT_RETURN_TYPE = YES_ERROR;
				GCC_WARN_UNDECLARED_SELECTOR = YES;
				GCC_WARN_UNINITIALIZED_AUTOS = YES_AGGRESSIVE;
				GCC_WARN_UNUSED_FUNCTION = YES;
				GCC_WARN_UNUSED_VARIABLE = YES;
				IPHONEOS_DEPLOYMENT_TARGET = 11.2;
				MTL_ENABLE_DEBUG_INFO = YES;
				ONLY_ACTIVE_ARCH = YES;
				SDKROOT = iphoneos;
				SWIFT_ACTIVE_COMPILATION_CONDITIONS = DEBUG;
				SWIFT_OPTIMIZATION_LEVEL = "-Onone";
			};
			name = Debug;
		};
		7883819B204746370073ED86 /* Release */ = {
			isa = XCBuildConfiguration;
			buildSettings = {
				ALWAYS_SEARCH_USER_PATHS = NO;
				CLANG_ANALYZER_NONNULL = YES;
				CLANG_ANALYZER_NUMBER_OBJECT_CONVERSION = YES_AGGRESSIVE;
				CLANG_CXX_LANGUAGE_STANDARD = "gnu++14";
				CLANG_CXX_LIBRARY = "libc++";
				CLANG_ENABLE_MODULES = YES;
				CLANG_ENABLE_OBJC_ARC = YES;
				CLANG_WARN_BLOCK_CAPTURE_AUTORELEASING = YES;
				CLANG_WARN_BOOL_CONVERSION = YES;
				CLANG_WARN_COMMA = YES;
				CLANG_WARN_CONSTANT_CONVERSION = YES;
				CLANG_WARN_DIRECT_OBJC_ISA_USAGE = YES_ERROR;
				CLANG_WARN_DOCUMENTATION_COMMENTS = YES;
				CLANG_WARN_EMPTY_BODY = YES;
				CLANG_WARN_ENUM_CONVERSION = YES;
				CLANG_WARN_INFINITE_RECURSION = YES;
				CLANG_WARN_INT_CONVERSION = YES;
				CLANG_WARN_NON_LITERAL_NULL_CONVERSION = YES;
				CLANG_WARN_OBJC_LITERAL_CONVERSION = YES;
				CLANG_WARN_OBJC_ROOT_CLASS = YES_ERROR;
				CLANG_WARN_RANGE_LOOP_ANALYSIS = YES;
				CLANG_WARN_STRICT_PROTOTYPES = YES;
				CLANG_WARN_SUSPICIOUS_MOVE = YES;
				CLANG_WARN_UNGUARDED_AVAILABILITY = YES_AGGRESSIVE;
				CLANG_WARN_UNREACHABLE_CODE = YES;
				CLANG_WARN__DUPLICATE_METHOD_MATCH = YES;
				CODE_SIGN_IDENTITY = "iPhone Developer";
				COPY_PHASE_STRIP = NO;
				DEBUG_INFORMATION_FORMAT = "dwarf-with-dsym";
				ENABLE_NS_ASSERTIONS = NO;
				ENABLE_STRICT_OBJC_MSGSEND = YES;
				GCC_C_LANGUAGE_STANDARD = gnu11;
				GCC_NO_COMMON_BLOCKS = YES;
				GCC_WARN_64_TO_32_BIT_CONVERSION = YES;
				GCC_WARN_ABOUT_RETURN_TYPE = YES_ERROR;
				GCC_WARN_UNDECLARED_SELECTOR = YES;
				GCC_WARN_UNINITIALIZED_AUTOS = YES_AGGRESSIVE;
				GCC_WARN_UNUSED_FUNCTION = YES;
				GCC_WARN_UNUSED_VARIABLE = YES;
				IPHONEOS_DEPLOYMENT_TARGET = 11.2;
				MTL_ENABLE_DEBUG_INFO = NO;
				SDKROOT = iphoneos;
				SWIFT_OPTIMIZATION_LEVEL = "-Owholemodule";
				VALIDATE_PRODUCT = YES;
			};
			name = Release;
		};
		7883819D204746370073ED86 /* Debug */ = {
			isa = XCBuildConfiguration;
			buildSettings = {
				ASSETCATALOG_COMPILER_APPICON_NAME = AppIcon;
				CODE_SIGN_STYLE = Automatic;
				DEVELOPMENT_TEAM = C3FSSD2GY6;
				INFOPLIST_FILE = Concentration/Info.plist;
				LD_RUNPATH_SEARCH_PATHS = "$(inherited) @executable_path/Frameworks";
				PRODUCT_BUNDLE_IDENTIFIER = com.mikengo.Concentration;
				PRODUCT_NAME = "$(TARGET_NAME)";
				SWIFT_VERSION = 4.0;
				TARGETED_DEVICE_FAMILY = "1,2";
			};
			name = Debug;
		};
		7883819E204746370073ED86 /* Release */ = {
			isa = XCBuildConfiguration;
			buildSettings = {
				ASSETCATALOG_COMPILER_APPICON_NAME = AppIcon;
				CODE_SIGN_STYLE = Automatic;
				DEVELOPMENT_TEAM = C3FSSD2GY6;
				INFOPLIST_FILE = Concentration/Info.plist;
				LD_RUNPATH_SEARCH_PATHS = "$(inherited) @executable_path/Frameworks";
				PRODUCT_BUNDLE_IDENTIFIER = com.mikengo.Concentration;
				PRODUCT_NAME = "$(TARGET_NAME)";
				SWIFT_VERSION = 4.0;
				TARGETED_DEVICE_FAMILY = "1,2";
			};
			name = Release;
		};
/* End XCBuildConfiguration section */

/* Begin XCConfigurationList section */
		78838185204746370073ED86 /* Build configuration list for PBXProject "Concentration" */ = {
			isa = XCConfigurationList;
			buildConfigurations = (
				7883819A204746370073ED86 /* Debug */,
				7883819B204746370073ED86 /* Release */,
			);
			defaultConfigurationIsVisible = 0;
			defaultConfigurationName = Release;
		};
		7883819C204746370073ED86 /* Build configuration list for PBXNativeTarget "Concentration" */ = {
			isa = XCConfigurationList;
			buildConfigurations = (
				7883819D204746370073ED86 /* Debug */,
				7883819E204746370073ED86 /* Release */,
			);
			defaultConfigurationIsVisible = 0;
			defaultConfigurationName = Release;
		};
/* End XCConfigurationList section */
	};
	rootObject = 78838182204746370073ED86 /* Project object */;
}
